
Microsoft Visual Studio Solution File, Format Version 12.00
# Visual Studio 15
VisualStudioVersion = 15.0.28307.106
MinimumVisualStudioVersion = 10.0.40219.1
Project("{F184B08F-C81C-45F6-A57F-5ABD9991F28F}") = "exam", "exam\exam.vbproj", "{396BA267-8ED8-480E-AECE-F1E7A281A1B9}"
EndProject
Global
	GlobalSection(SolutionConfigurationPlatforms) = preSolution
		Debug|Any CPU = Debug|Any CPU
		Release|Any CPU = Release|Any CPU
	EndGlobalSection
	GlobalSection(ProjectConfigurationPlatforms) = postSolution
		{396BA267-8ED8-480E-AECE-F1E7A281A1B9}.Debug|Any CPU.ActiveCfg = Debug|Any CPU
		{396BA267-8ED8-480E-AECE-F1E7A281A1B9}.Debug|Any CPU.Build.0 = Debug|Any CPU
		{396BA267-8ED8-480E-AECE-F1E7A281A1B9}.Release|Any CPU.ActiveCfg = Release|Any CPU
		{396BA267-8ED8-480E-AECE-F1E7A281A1B9}.Release|Any CPU.Build.0 = Release|Any CPU
	EndGlobalSection
	GlobalSection(SolutionProperties) = preSolution
		HideSolutionNode = FALSE
	EndGlobalSection
	GlobalSection(ExtensibilityGlobals) = postSolution
		SolutionGuid = {5E9BF716-95E7-4174-8836-B1C3C2AE7B03}
	EndGlobalSection
EndGlobal
